
Microsoft Visual Studio Solution File, Format Version 12.00
# Visual Studio Version 16
VisualStudioVersion = 16.0.30709.132
MinimumVisualStudioVersion = 10.0.40219.1
Project("{2150E333-8FDC-42A3-9474-1A3956D46DE8}") = "SELECT", "SELECT", "{988A4345-F87F-4E9D-9A76-52E6C06B85EE}"
EndProject
Project("{2150E333-8FDC-42A3-9474-1A3956D46DE8}") = "IOCP", "IOCP", "{1AD0B38F-0252-49C5-A943-5BE9841DE590}"
EndProject
Project("{2150E333-8FDC-42A3-9474-1A3956D46DE8}") = "NORMAL", "NORMAL", "{8BA3F651-A353-46EA-AEB3-A1267CCC6AB4}"
EndProject
Project("{8BC9CEB8-8B4A-11D0-8D11-00A0C91BC942}") = "server", "server\server.vcxproj", "{628E74A0-FC5B-461E-BD91-3354351A7E35}"
EndProject
Project("{8BC9CEB8-8B4A-11D0-8D11-00A0C91BC942}") = "client", "client\client.vcxproj", "{43DED05F-95BA-4781-B7D0-023913443474}"
EndProject
Project("{8BC9CEB8-8B4A-11D0-8D11-00A0C91BC942}") = "client_select", "client_select\client_select.vcxproj", "{9AAD2C10-2AC6-44E5-ADD1-240D90EB75FF}"
EndProject
Project("{8BC9CEB8-8B4A-11D0-8D11-00A0C91BC942}") = "server_select", "server_select\server_select.vcxproj", "{E34C8A7A-D763-4B44-ABA1-B79943BABB0F}"
EndProject
Project("{8BC9CEB8-8B4A-11D0-8D11-00A0C91BC942}") = "client_iocp", "client_iocp\client_iocp.vcxproj", "{72557A34-1F02-4B5A-BEC5-A4D10616227E}"
EndProject
Project("{8BC9CEB8-8B4A-11D0-8D11-00A0C91BC942}") = "server_iocp", "server_iocp\server_iocp.vcxproj", "{29334900-A398-48F5-93A0-C7AF2B334C80}"
EndProject
Global
	GlobalSection(SolutionConfigurationPlatforms) = preSolution
		Debug|x64 = Debug|x64
		Debug|x86 = Debug|x86
		Release|x64 = Release|x64
		Release|x86 = Release|x86
	EndGlobalSection
	GlobalSection(ProjectConfigurationPlatforms) = postSolution
		{628E74A0-FC5B-461E-BD91-3354351A7E35}.Debug|x64.ActiveCfg = Debug|x64
		{628E74A0-FC5B-461E-BD91-3354351A7E35}.Debug|x64.Build.0 = Debug|x64
		{628E74A0-FC5B-461E-BD91-3354351A7E35}.Debug|x86.ActiveCfg = Debug|Win32
		{628E74A0-FC5B-461E-BD91-3354351A7E35}.Debug|x86.Build.0 = Debug|Win32
		{628E74A0-FC5B-461E-BD91-3354351A7E35}.Release|x64.ActiveCfg = Release|x64
		{628E74A0-FC5B-461E-BD91-3354351A7E35}.Release|x64.Build.0 = Release|x64
		{628E74A0-FC5B-461E-BD91-3354351A7E35}.Release|x86.ActiveCfg = Release|Win32
		{628E74A0-FC5B-461E-BD91-3354351A7E35}.Release|x86.Build.0 = Release|Win32
		{43DED05F-95BA-4781-B7D0-023913443474}.Debug|x64.ActiveCfg = Debug|x64
		{43DED05F-95BA-4781-B7D0-023913443474}.Debug|x64.Build.0 = Debug|x64
		{43DED05F-95BA-4781-B7D0-023913443474}.Debug|x86.ActiveCfg = Debug|Win32
		{43DED05F-95BA-4781-B7D0-023913443474}.Debug|x86.Build.0 = Debug|Win32
		{43DED05F-95BA-4781-B7D0-023913443474}.Release|x64.ActiveCfg = Release|x64
		{43DED05F-95BA-4781-B7D0-023913443474}.Release|x64.Build.0 = Release|x64
		{43DED05F-95BA-4781-B7D0-023913443474}.Release|x86.ActiveCfg = Release|Win32
		{43DED05F-95BA-4781-B7D0-023913443474}.Release|x86.Build.0 = Release|Win32
		{9AAD2C10-2AC6-44E5-ADD1-240D90EB75FF}.Debug|x64.ActiveCfg = Debug|x64
		{9AAD2C10-2AC6-44E5-ADD1-240D90EB75FF}.Debug|x64.Build.0 = Debug|x64
		{9AAD2C10-2AC6-44E5-ADD1-240D90EB75FF}.Debug|x86.ActiveCfg = Debug|Win32
		{9AAD2C10-2AC6-44E5-ADD1-240D90EB75FF}.Debug|x86.Build.0 = Debug|Win32
		{9AAD2C10-2AC6-44E5-ADD1-240D90EB75FF}.Release|x64.ActiveCfg = Release|x64
		{9AAD2C10-2AC6-44E5-ADD1-240D90EB75FF}.Release|x64.Build.0 = Release|x64
		{9AAD2C10-2AC6-44E5-ADD1-240D90EB75FF}.Release|x86.ActiveCfg = Release|Win32
		{9AAD2C10-2AC6-44E5-ADD1-240D90EB75FF}.Release|x86.Build.0 = Release|Win32
		{E34C8A7A-D763-4B44-ABA1-B79943BABB0F}.Debug|x64.ActiveCfg = Debug|x64
		{E34C8A7A-D763-4B44-ABA1-B79943BABB0F}.Debug|x64.Build.0 = Debug|x64
		{E34C8A7A-D763-4B44-ABA1-B79943BABB0F}.Debug|x86.ActiveCfg = Debug|Win32
		{E34C8A7A-D763-4B44-ABA1-B79943BABB0F}.Debug|x86.Build.0 = Debug|Win32
		{E34C8A7A-D763-4B44-ABA1-B79943BABB0F}.Release|x64.ActiveCfg = Release|x64
		{E34C8A7A-D763-4B44-ABA1-B79943BABB0F}.Release|x64.Build.0 = Release|x64
		{E34C8A7A-D763-4B44-ABA1-B79943BABB0F}.Release|x86.ActiveCfg = Release|Win32
		{E34C8A7A-D763-4B44-ABA1-B79943BABB0F}.Release|x86.Build.0 = Release|Win32
		{72557A34-1F02-4B5A-BEC5-A4D10616227E}.Debug|x64.ActiveCfg = Debug|x64
		{72557A34-1F02-4B5A-BEC5-A4D10616227E}.Debug|x64.Build.0 = Debug|x64
		{72557A34-1F02-4B5A-BEC5-A4D10616227E}.Debug|x86.ActiveCfg = Debug|Win32
		{72557A34-1F02-4B5A-BEC5-A4D10616227E}.Debug|x86.Build.0 = Debug|Win32
		{72557A34-1F02-4B5A-BEC5-A4D10616227E}.Release|x64.ActiveCfg = Release|x64
		{72557A34-1F02-4B5A-BEC5-A4D10616227E}.Release|x64.Build.0 = Release|x64
		{72557A34-1F02-4B5A-BEC5-A4D10616227E}.Release|x86.ActiveCfg = Release|Win32
		{72557A34-1F02-4B5A-BEC5-A4D10616227E}.Release|x86.Build.0 = Release|Win32
		{29334900-A398-48F5-93A0-C7AF2B334C80}.Debug|x64.ActiveCfg = Debug|x64
		{29334900-A398-48F5-93A0-C7AF2B334C80}.Debug|x64.Build.0 = Debug|x64
		{29334900-A398-48F5-93A0-C7AF2B334C80}.Debug|x86.ActiveCfg = Debug|Win32
		{29334900-A398-48F5-93A0-C7AF2B334C80}.Debug|x86.Build.0 = Debug|Win32
		{29334900-A398-48F5-93A0-C7AF2B334C80}.Release|x64.ActiveCfg = Release|x64
		{29334900-A398-48F5-93A0-C7AF2B334C80}.Release|x64.Build.0 = Release|x64
		{29334900-A398-48F5-93A0-C7AF2B334C80}.Release|x86.ActiveCfg = Release|Win32
		{29334900-A398-48F5-93A0-C7AF2B334C80}.Release|x86.Build.0 = Release|Win32
	EndGlobalSection
	GlobalSection(SolutionProperties) = preSolution
		HideSolutionNode = FALSE
	EndGlobalSection
	GlobalSection(NestedProjects) = preSolution
		{628E74A0-FC5B-461E-BD91-3354351A7E35} = {8BA3F651-A353-46EA-AEB3-A1267CCC6AB4}
		{43DED05F-95BA-4781-B7D0-023913443474} = {8BA3F651-A353-46EA-AEB3-A1267CCC6AB4}
		{9AAD2C10-2AC6-44E5-ADD1-240D90EB75FF} = {988A4345-F87F-4E9D-9A76-52E6C06B85EE}
		{E34C8A7A-D763-4B44-ABA1-B79943BABB0F} = {988A4345-F87F-4E9D-9A76-52E6C06B85EE}
		{72557A34-1F02-4B5A-BEC5-A4D10616227E} = {1AD0B38F-0252-49C5-A943-5BE9841DE590}
		{29334900-A398-48F5-93A0-C7AF2B334C80} = {1AD0B38F-0252-49C5-A943-5BE9841DE590}
	EndGlobalSection
	GlobalSection(ExtensibilityGlobals) = postSolution
		SolutionGuid = {854F8AF6-AD44-41E9-BCD3-E8781E3DE715}
	EndGlobalSection
EndGlobal
